# THIS IS AN AUTOGENERATED FILE. DO NOT EDIT THIS FILE DIRECTLY.
# yarn lockfile v1


"@cloudflare/workers-types@^3.14.1":
  version "3.14.1"
  resolved "https://registry.yarnpkg.com/@cloudflare/workers-types/-/workers-types-3.14.1.tgz#8927ad8aa4e4cdd42d25793148337ed04f927021"
  integrity sha512-B1/plF62pt+H2IJHvApK8fdOJAVsvojvacuac8x8s+JIyqbropMyqNqHTKLm3YD8ZFLGwYeFTudU+PQ7vGvBdA==
